Microsoft Visual Studio Solution File, Format Version 12.00
# Visual Studio Version 16
VisualStudioVersion = 16.0.28803.156
MinimumVisualStudioVersion = 10.0.40219.1
Project("{9A19103F-16F7-4668-BE54-9A1E7A4F7556}") = "GeminiLab.Core2.GetOpt", "src\GeminiLab.Core2.GetOpt\GeminiLab.Core2.GetOpt.csproj", "{5ED0F5FE-2095-4C12-9690-2D38CB7177D1}"
EndProject
Project("{9A19103F-16F7-4668-BE54-9A1E7A4F7556}") = "XUnitTester", "XUnitTester\XUnitTester.csproj", "{80E91F8E-3046-41F0-8D9F-72E2C54E75AD}"
EndProject
Project("{9A19103F-16F7-4668-BE54-9A1E7A4F7556}") = "Exam", "Exam\Exam.csproj", "{E7F34464-52BF-4450-8AA5-A1E7119FC60D}"
EndProject
Global
	GlobalSection(SolutionConfigurationPlatforms) = preSolution
		Develop|Any CPU = Develop|Any CPU
		Preview|Any CPU = Preview|Any CPU
		Release|Any CPU = Release|Any CPU
	EndGlobalSection
	GlobalSection(ProjectConfigurationPlatforms) = postSolution
		{5ED0F5FE-2095-4C12-9690-2D38CB7177D1}.Develop|Any CPU.ActiveCfg = Develop|Any CPU
		{5ED0F5FE-2095-4C12-9690-2D38CB7177D1}.Develop|Any CPU.Build.0 = Develop|Any CPU
		{5ED0F5FE-2095-4C12-9690-2D38CB7177D1}.Preview|Any CPU.ActiveCfg = Preview|Any CPU
		{5ED0F5FE-2095-4C12-9690-2D38CB7177D1}.Preview|Any CPU.Build.0 = Preview|Any CPU
		{5ED0F5FE-2095-4C12-9690-2D38CB7177D1}.Release|Any CPU.ActiveCfg = Release|Any CPU
		{5ED0F5FE-2095-4C12-9690-2D38CB7177D1}.Release|Any CPU.Build.0 = Release|Any CPU
		{80E91F8E-3046-41F0-8D9F-72E2C54E75AD}.Develop|Any CPU.ActiveCfg = Debug|Any CPU
		{80E91F8E-3046-41F0-8D9F-72E2C54E75AD}.Develop|Any CPU.Build.0 = Debug|Any CPU
		{80E91F8E-3046-41F0-8D9F-72E2C54E75AD}.Preview|Any CPU.ActiveCfg = Release|Any CPU
		{80E91F8E-3046-41F0-8D9F-72E2C54E75AD}.Preview|Any CPU.Build.0 = Release|Any CPU
		{80E91F8E-3046-41F0-8D9F-72E2C54E75AD}.Release|Any CPU.ActiveCfg = Release|Any CPU
		{80E91F8E-3046-41F0-8D9F-72E2C54E75AD}.Release|Any CPU.Build.0 = Release|Any CPU
		{E7F34464-52BF-4450-8AA5-A1E7119FC60D}.Develop|Any CPU.ActiveCfg = Debug|Any CPU
		{E7F34464-52BF-4450-8AA5-A1E7119FC60D}.Develop|Any CPU.Build.0 = Debug|Any CPU
		{E7F34464-52BF-4450-8AA5-A1E7119FC60D}.Preview|Any CPU.ActiveCfg = Publish|Any CPU
		{E7F34464-52BF-4450-8AA5-A1E7119FC60D}.Preview|Any CPU.Build.0 = Publish|Any CPU
		{E7F34464-52BF-4450-8AA5-A1E7119FC60D}.Release|Any CPU.ActiveCfg = Release|Any CPU
		{E7F34464-52BF-4450-8AA5-A1E7119FC60D}.Release|Any CPU.Build.0 = Release|Any CPU
	EndGlobalSection
	GlobalSection(SolutionProperties) = preSolution
		HideSolutionNode = FALSE
	EndGlobalSection
	GlobalSection(ExtensibilityGlobals) = postSolution
		SolutionGuid = {B60A9530-4645-4229-91A0-B0DD45E6CF5F}
	EndGlobalSection
EndGlobal
